
Microsoft Visual Studio Solution File, Format Version 11.00
# Visual Studio 2010
Project("{FAE04EC0-301F-11D3-BF4B-00C04F79EFBC}") = "iOSSocket", "iOSSocket\iOSSocket.csproj", "{AD58DC39-9DE2-4969-A470-2FF525A1C24C}"
EndProject
Global
	GlobalSection(SolutionConfigurationPlatforms) = preSolution
		Debug|Any CPU = Debug|Any CPU
		Release|Any CPU = Release|Any CPU
	EndGlobalSection
	GlobalSection(ProjectConfigurationPlatforms) = postSolution
		{AD58DC39-9DE2-4969-A470-2FF525A1C24C}.Debug|Any CPU.ActiveCfg = Debug|Any CPU
		{AD58DC39-9DE2-4969-A470-2FF525A1C24C}.Debug|Any CPU.Build.0 = Debug|Any CPU
		{AD58DC39-9DE2-4969-A470-2FF525A1C24C}.Release|Any CPU.ActiveCfg = Release|Any CPU
		{AD58DC39-9DE2-4969-A470-2FF525A1C24C}.Release|Any CPU.Build.0 = Release|Any CPU
	EndGlobalSection
	GlobalSection(MonoDevelopProperties) = preSolution
		StartupItem = iOSSocket\iOSSocket.csproj
	EndGlobalSection
EndGlobal
